
Microsoft Visual Studio Solution File, Format Version 12.00
# Visual Studio Version 16
VisualStudioVersion = 16.0.29920.165
MinimumVisualStudioVersion = 10.0.40219.1
Project("{D954291E-2A0B-460D-934E-DC6B0785DB48}") = "Ch9.Shared", "Ch9\Ch9.Shared\Ch9.Shared.shproj", "{6279C845-92F8-4333-AB99-3D213163593C}"
EndProject
Project("{FAE04EC0-301F-11D3-BF4B-00C04F79EFBC}") = "Ch9.Droid", "Ch9\Ch9.Droid\Ch9.Droid.csproj", "{73D90DF8-601A-43A6-B2A2-E4ED06BF0C71}"
EndProject
Project("{FAE04EC0-301F-11D3-BF4B-00C04F79EFBC}") = "Ch9.iOS", "Ch9\Ch9.iOS\Ch9.iOS.csproj", "{A6062187-528B-486C-8DF9-B5AAAC64F724}"
EndProject
Project("{FAE04EC0-301F-11D3-BF4B-00C04F79EFBC}") = "Ch9.UWP", "Ch9\Ch9.UWP\Ch9.UWP.csproj", "{EEE26B2D-730E-4108-91B6-3394291A4111}"
EndProject
Global
	GlobalSection(SharedMSBuildProjectFiles) = preSolution
		Ch9\Ch9.Shared\Ch9.Shared.projitems*{6279c845-92f8-4333-ab99-3d213163593c}*SharedItemsImports = 13
		Ch9\Ch9.Shared\Ch9.Shared.projitems*{73d90df8-601a-43a6-b2a2-e4ed06bf0c71}*SharedItemsImports = 4
		Ch9\Ch9.Shared\Ch9.Shared.projitems*{a6062187-528b-486c-8df9-b5aaac64f724}*SharedItemsImports = 4
		Ch9\Ch9.Shared\Ch9.Shared.projitems*{eee26b2d-730e-4108-91b6-3394291a4111}*SharedItemsImports = 4
	EndGlobalSection
	GlobalSection(SolutionConfigurationPlatforms) = preSolution
		Ad-Hoc|Any CPU = Ad-Hoc|Any CPU
		Ad-Hoc|ARM = Ad-Hoc|ARM
		Ad-Hoc|iPhone = Ad-Hoc|iPhone
		Ad-Hoc|iPhoneSimulator = Ad-Hoc|iPhoneSimulator
		Ad-Hoc|x64 = Ad-Hoc|x64
		Ad-Hoc|x86 = Ad-Hoc|x86
		AppStore|Any CPU = AppStore|Any CPU
		AppStore|ARM = AppStore|ARM
		AppStore|iPhone = AppStore|iPhone
		AppStore|iPhoneSimulator = AppStore|iPhoneSimulator
		AppStore|x64 = AppStore|x64
		AppStore|x86 = AppStore|x86
		Debug|Any CPU = Debug|Any CPU
		Debug|ARM = Debug|ARM
		Debug|iPhone = Debug|iPhone
		Debug|iPhoneSimulator = Debug|iPhoneSimulator
		Debug|x64 = Debug|x64
		Debug|x86 = Debug|x86
		Release_Android|Any CPU = Release_Android|Any CPU
		Release_Android|ARM = Release_Android|ARM
		Release_Android|iPhone = Release_Android|iPhone
		Release_Android|iPhoneSimulator = Release_Android|iPhoneSimulator
		Release_Android|x64 = Release_Android|x64
		Release_Android|x86 = Release_Android|x86
		Release_iOS|Any CPU = Release_iOS|Any CPU
		Release_iOS|ARM = Release_iOS|ARM
		Release_iOS|iPhone = Release_iOS|iPhone
		Release_iOS|iPhoneSimulator = Release_iOS|iPhoneSimulator
		Release_iOS|x64 = Release_iOS|x64
		Release_iOS|x86 = Release_iOS|x86
		Release_UWP|Any CPU = Release_UWP|Any CPU
		Release_UWP|ARM = Release_UWP|ARM
		Release_UWP|iPhone = Release_UWP|iPhone
		Release_UWP|iPhoneSimulator = Release_UWP|iPhoneSimulator
		Release_UWP|x64 = Release_UWP|x64
		Release_UWP|x86 = Release_UWP|x86
		Release|Any CPU = Release|Any CPU
		Release|ARM = Release|ARM
		Release|iPhone = Release|iPhone
		Release|iPhoneSimulator = Release|iPhoneSimulator
		Release|x64 = Release|x64
		Release|x86 = Release|x86
	EndGlobalSection
	GlobalSection(ProjectConfigurationPlatforms) = postSolution
		{73D90DF8-601A-43A6-B2A2-E4ED06BF0C71}.Ad-Hoc|Any CPU.ActiveCfg = Release|Any CPU
		{73D90DF8-601A-43A6-B2A2-E4ED06BF0C71}.Ad-Hoc|Any CPU.Build.0 = Release|Any CPU
		{73D90DF8-601A-43A6-B2A2-E4ED06BF0C71}.Ad-Hoc|Any CPU.Deploy.0 = Release|Any CPU
		{73D90DF8-601A-43A6-B2A2-E4ED06BF0C71}.Ad-Hoc|ARM.ActiveCfg = Release|Any CPU
		{73D90DF8-601A-43A6-B2A2-E4ED06BF0C71}.Ad-Hoc|ARM.Build.0 = Release|Any CPU
		{73D90DF8-601A-43A6-B2A2-E4ED06BF0C71}.Ad-Hoc|ARM.Deploy.0 = Release|Any CPU
		{73D90DF8-601A-43A6-B2A2-E4ED06BF0C71}.Ad-Hoc|iPhone.ActiveCfg = Release|Any CPU
		{73D90DF8-601A-43A6-B2A2-E4ED06BF0C71}.Ad-Hoc|iPhone.Build.0 = Release|Any CPU
		{73D90DF8-601A-43A6-B2A2-E4ED06BF0C71}.Ad-Hoc|iPhone.Deploy.0 = Release|Any CPU
		{73D90DF8-601A-43A6-B2A2-E4ED06BF0C71}.Ad-Hoc|iPhoneSimulator.ActiveCfg = Release|Any CPU
		{73D90DF8-601A-43A6-B2A2-E4ED06BF0C71}.Ad-Hoc|iPhoneSimulator.Build.0 = Release|Any CPU
		{73D90DF8-601A-43A6-B2A2-E4ED06BF0C71}.Ad-Hoc|iPhoneSimulator.Deploy.0 = Release|Any CPU
		{73D90DF8-601A-43A6-B2A2-E4ED06BF0C71}.Ad-Hoc|x64.ActiveCfg = Release|Any CPU
		{73D90DF8-601A-43A6-B2A2-E4ED06BF0C71}.Ad-Hoc|x64.Build.0 = Release|Any CPU
		{73D90DF8-601A-43A6-B2A2-E4ED06BF0C71}.Ad-Hoc|x64.Deploy.0 = Release|Any CPU
		{73D90DF8-601A-43A6-B2A2-E4ED06BF0C71}.Ad-Hoc|x86.ActiveCfg = Release|Any CPU
		{73D90DF8-601A-43A6-B2A2-E4ED06BF0C71}.Ad-Hoc|x86.Build.0 = Release|Any CPU
		{73D90DF8-601A-43A6-B2A2-E4ED06BF0C71}.Ad-Hoc|x86.Deploy.0 = Release|Any CPU
		{73D90DF8-601A-43A6-B2A2-E4ED06BF0C71}.AppStore|Any CPU.ActiveCfg = Release|Any CPU
		{73D90DF8-601A-43A6-B2A2-E4ED06BF0C71}.AppStore|Any CPU.Build.0 = Release|Any CPU
		{73D90DF8-601A-43A6-B2A2-E4ED06BF0C71}.AppStore|Any CPU.Deploy.0 = Release|Any CPU
		{73D90DF8-601A-43A6-B2A2-E4ED06BF0C71}.AppStore|ARM.ActiveCfg = Release|Any CPU
		{73D90DF8-601A-43A6-B2A2-E4ED06BF0C71}.AppStore|ARM.Build.0 = Release|Any CPU
		{73D90DF8-601A-43A6-B2A2-E4ED06BF0C71}.AppStore|ARM.Deploy.0 = Release|Any CPU
		{73D90DF8-601A-43A6-B2A2-E4ED06BF0C71}.AppStore|iPhone.ActiveCfg = Release|Any CPU
		{73D90DF8-601A-43A6-B2A2-E4ED06BF0C71}.AppStore|iPhone.Build.0 = Release|Any CPU
		{73D90DF8-601A-43A6-B2A2-E4ED06BF0C71}.AppStore|iPhone.Deploy.0 = Release|Any CPU
		{73D90DF8-601A-43A6-B2A2-E4ED06BF0C71}.AppStore|iPhoneSimulator.ActiveCfg = Release|Any CPU
		{73D90DF8-601A-43A6-B2A2-E4ED06BF0C71}.AppStore|iPhoneSimulator.Build.0 = Release|Any CPU
		{73D90DF8-601A-43A6-B2A2-E4ED06BF0C71}.AppStore|iPhoneSimulator.Deploy.0 = Release|Any CPU
		{73D90DF8-601A-43A6-B2A2-E4ED06BF0C71}.AppStore|x64.ActiveCfg = Release|Any CPU
		{73D90DF8-601A-43A6-B2A2-E4ED06BF0C71}.AppStore|x64.Build.0 = Release|Any CPU
		{73D90DF8-601A-43A6-B2A2-E4ED06BF0C71}.AppStore|x64.Deploy.0 = Release|Any CPU
		{73D90DF8-601A-43A6-B2A2-E4ED06BF0C71}.AppStore|x86.ActiveCfg = Release|Any CPU
		{73D90DF8-601A-43A6-B2A2-E4ED06BF0C71}.AppStore|x86.Build.0 = Release|Any CPU
		{73D90DF8-601A-43A6-B2A2-E4ED06BF0C71}.AppStore|x86.Deploy.0 = Release|Any CPU
		{73D90DF8-601A-43A6-B2A2-E4ED06BF0C71}.Debug|Any CPU.ActiveCfg = Debug|Any CPU
		{73D90DF8-601A-43A6-B2A2-E4ED06BF0C71}.Debug|Any CPU.Build.0 = Debug|Any CPU
		{73D90DF8-601A-43A6-B2A2-E4ED06BF0C71}.Debug|Any CPU.Deploy.0 = Debug|Any CPU
		{73D90DF8-601A-43A6-B2A2-E4ED06BF0C71}.Debug|ARM.ActiveCfg = Debug|Any CPU
		{73D90DF8-601A-43A6-B2A2-E4ED06BF0C71}.Debug|ARM.Build.0 = Debug|Any CPU
		{73D90DF8-601A-43A6-B2A2-E4ED06BF0C71}.Debug|ARM.Deploy.0 = Debug|Any CPU
		{73D90DF8-601A-43A6-B2A2-E4ED06BF0C71}.Debug|iPhone.ActiveCfg = Debug|Any CPU
		{73D90DF8-601A-43A6-B2A2-E4ED06BF0C71}.Debug|iPhone.Build.0 = Debug|Any CPU
		{73D90DF8-601A-43A6-B2A2-E4ED06BF0C71}.Debug|iPhone.Deploy.0 = Debug|Any CPU
		{73D90DF8-601A-43A6-B2A2-E4ED06BF0C71}.Debug|iPhoneSimulator.ActiveCfg = Debug|Any CPU
		{73D90DF8-601A-43A6-B2A2-E4ED06BF0C71}.Debug|iPhoneSimulator.Build.0 = Debug|Any CPU
		{73D90DF8-601A-43A6-B2A2-E4ED06BF0C71}.Debug|iPhoneSimulator.Deploy.0 = Debug|Any CPU
		{73D90DF8-601A-43A6-B2A2-E4ED06BF0C71}.Debug|x64.ActiveCfg = Debug|Any CPU
		{73D90DF8-601A-43A6-B2A2-E4ED06BF0C71}.Debug|x64.Build.0 = Debug|Any CPU
		{73D90DF8-601A-43A6-B2A2-E4ED06BF0C71}.Debug|x64.Deploy.0 = Debug|Any CPU
		{73D90DF8-601A-43A6-B2A2-E4ED06BF0C71}.Debug|x86.ActiveCfg = Debug|Any CPU
		{73D90DF8-601A-43A6-B2A2-E4ED06BF0C71}.Debug|x86.Build.0 = Debug|Any CPU
		{73D90DF8-601A-43A6-B2A2-E4ED06BF0C71}.Debug|x86.Deploy.0 = Debug|Any CPU
		{73D90DF8-601A-43A6-B2A2-E4ED06BF0C71}.Release_Android|Any CPU.ActiveCfg = Release|Any CPU
		{73D90DF8-601A-43A6-B2A2-E4ED06BF0C71}.Release_Android|Any CPU.Build.0 = Release|Any CPU
		{73D90DF8-601A-43A6-B2A2-E4ED06BF0C71}.Release_Android|Any CPU.Deploy.0 = Release|Any CPU
		{73D90DF8-601A-43A6-B2A2-E4ED06BF0C71}.Release_Android|ARM.ActiveCfg = Release|Any CPU
		{73D90DF8-601A-43A6-B2A2-E4ED06BF0C71}.Release_Android|ARM.Build.0 = Release|Any CPU
		{73D90DF8-601A-43A6-B2A2-E4ED06BF0C71}.Release_Android|ARM.Deploy.0 = Release|Any CPU
		{73D90DF8-601A-43A6-B2A2-E4ED06BF0C71}.Release_Android|iPhone.ActiveCfg = Release|Any CPU
		{73D90DF8-601A-43A6-B2A2-E4ED06BF0C71}.Release_Android|iPhone.Build.0 = Release|Any CPU
		{73D90DF8-601A-43A6-B2A2-E4ED06BF0C71}.Release_Android|iPhone.Deploy.0 = Release|Any CPU
		{73D90DF8-601A-43A6-B2A2-E4ED06BF0C71}.Release_Android|iPhoneSimulator.ActiveCfg = Release|Any CPU
		{73D90DF8-601A-43A6-B2A2-E4ED06BF0C71}.Release_Android|iPhoneSimulator.Build.0 = Release|Any CPU
		{73D90DF8-601A-43A6-B2A2-E4ED06BF0C71}.Release_Android|iPhoneSimulator.Deploy.0 = Release|Any CPU
		{73D90DF8-601A-43A6-B2A2-E4ED06BF0C71}.Release_Android|x64.ActiveCfg = Release|Any CPU
		{73D90DF8-601A-43A6-B2A2-E4ED06BF0C71}.Release_Android|x64.Build.0 = Release|Any CPU
		{73D90DF8-601A-43A6-B2A2-E4ED06BF0C71}.Release_Android|x64.Deploy.0 = Release|Any CPU
		{73D90DF8-601A-43A6-B2A2-E4ED06BF0C71}.Release_Android|x86.ActiveCfg = Release|Any CPU
		{73D90DF8-601A-43A6-B2A2-E4ED06BF0C71}.Release_Android|x86.Build.0 = Release|Any CPU
		{73D90DF8-601A-43A6-B2A2-E4ED06BF0C71}.Release_Android|x86.Deploy.0 = Release|Any CPU
		{73D90DF8-601A-43A6-B2A2-E4ED06BF0C71}.Release_iOS|Any CPU.ActiveCfg = Release|Any CPU
		{73D90DF8-601A-43A6-B2A2-E4ED06BF0C71}.Release_iOS|ARM.ActiveCfg = Release|Any CPU
		{73D90DF8-601A-43A6-B2A2-E4ED06BF0C71}.Release_iOS|ARM.Build.0 = Release|Any CPU
		{73D90DF8-601A-43A6-B2A2-E4ED06BF0C71}.Release_iOS|ARM.Deploy.0 = Release|Any CPU
		{73D90DF8-601A-43A6-B2A2-E4ED06BF0C71}.Release_iOS|iPhone.ActiveCfg = Release|Any CPU
		{73D90DF8-601A-43A6-B2A2-E4ED06BF0C71}.Release_iOS|iPhone.Build.0 = Release|Any CPU
		{73D90DF8-601A-43A6-B2A2-E4ED06BF0C71}.Release_iOS|iPhone.Deploy.0 = Release|Any CPU
		{73D90DF8-601A-43A6-B2A2-E4ED06BF0C71}.Release_iOS|iPhoneSimulator.ActiveCfg = Release|Any CPU
		{73D90DF8-601A-43A6-B2A2-E4ED06BF0C71}.Release_iOS|iPhoneSimulator.Build.0 = Release|Any CPU
		{73D90DF8-601A-43A6-B2A2-E4ED06BF0C71}.Release_iOS|iPhoneSimulator.Deploy.0 = Release|Any CPU
		{73D90DF8-601A-43A6-B2A2-E4ED06BF0C71}.Release_iOS|x64.ActiveCfg = Release|Any CPU
		{73D90DF8-601A-43A6-B2A2-E4ED06BF0C71}.Release_iOS|x64.Build.0 = Release|Any CPU
		{73D90DF8-601A-43A6-B2A2-E4ED06BF0C71}.Release_iOS|x64.Deploy.0 = Release|Any CPU
		{73D90DF8-601A-43A6-B2A2-E4ED06BF0C71}.Release_iOS|x86.ActiveCfg = Release|Any CPU
		{73D90DF8-601A-43A6-B2A2-E4ED06BF0C71}.Release_iOS|x86.Build.0 = Release|Any CPU
		{73D90DF8-601A-43A6-B2A2-E4ED06BF0C71}.Release_iOS|x86.Deploy.0 = Release|Any CPU
		{73D90DF8-601A-43A6-B2A2-E4ED06BF0C71}.Release_UWP|Any CPU.ActiveCfg = Release|Any CPU
		{73D90DF8-601A-43A6-B2A2-E4ED06BF0C71}.Release_UWP|Any CPU.Build.0 = Release|Any CPU
		{73D90DF8-601A-43A6-B2A2-E4ED06BF0C71}.Release_UWP|Any CPU.Deploy.0 = Release|Any CPU
		{73D90DF8-601A-43A6-B2A2-E4ED06BF0C71}.Release_UWP|ARM.ActiveCfg = Release|Any CPU
		{73D90DF8-601A-43A6-B2A2-E4ED06BF0C71}.Release_UWP|ARM.Build.0 = Release|Any CPU
		{73D90DF8-601A-43A6-B2A2-E4ED06BF0C71}.Release_UWP|ARM.Deploy.0 = Release|Any CPU
		{73D90DF8-601A-43A6-B2A2-E4ED06BF0C71}.Release_UWP|iPhone.ActiveCfg = Release|Any CPU
		{73D90DF8-601A-43A6-B2A2-E4ED06BF0C71}.Release_UWP|iPhone.Build.0 = Release|Any CPU
		{73D90DF8-601A-43A6-B2A2-E4ED06BF0C71}.Release_UWP|iPhone.Deploy.0 = Release|Any CPU
		{73D90DF8-601A-43A6-B2A2-E4ED06BF0C71}.Release_UWP|iPhoneSimulator.ActiveCfg = Release|Any CPU
		{73D90DF8-601A-43A6-B2A2-E4ED06BF0C71}.Release_UWP|iPhoneSimulator.Build.0 = Release|Any CPU
		{73D90DF8-601A-43A6-B2A2-E4ED06BF0C71}.Release_UWP|iPhoneSimulator.Deploy.0 = Release|Any CPU
		{73D90DF8-601A-43A6-B2A2-E4ED06BF0C71}.Release_UWP|x64.ActiveCfg = Release|Any CPU
		{73D90DF8-601A-43A6-B2A2-E4ED06BF0C71}.Release_UWP|x86.ActiveCfg = Release|Any CPU
		{73D90DF8-601A-43A6-B2A2-E4ED06BF0C71}.Release_UWP|x86.Build.0 = Release|Any CPU
		{73D90DF8-601A-43A6-B2A2-E4ED06BF0C71}.Release_UWP|x86.Deploy.0 = Release|Any CPU
		{73D90DF8-601A-43A6-B2A2-E4ED06BF0C71}.Release|Any CPU.ActiveCfg = Release|Any CPU
		{73D90DF8-601A-43A6-B2A2-E4ED06BF0C71}.Release|Any CPU.Build.0 = Release|Any CPU
		{73D90DF8-601A-43A6-B2A2-E4ED06BF0C71}.Release|Any CPU.Deploy.0 = Release|Any CPU
		{73D90DF8-601A-43A6-B2A2-E4ED06BF0C71}.Release|ARM.ActiveCfg = Release|Any CPU
		{73D90DF8-601A-43A6-B2A2-E4ED06BF0C71}.Release|ARM.Build.0 = Release|Any CPU
		{73D90DF8-601A-43A6-B2A2-E4ED06BF0C71}.Release|ARM.Deploy.0 = Release|Any CPU
		{73D90DF8-601A-43A6-B2A2-E4ED06BF0C71}.Release|iPhone.ActiveCfg = Release|Any CPU
		{73D90DF8-601A-43A6-B2A2-E4ED06BF0C71}.Release|iPhone.Build.0 = Release|Any CPU
		{73D90DF8-601A-43A6-B2A2-E4ED06BF0C71}.Release|iPhone.Deploy.0 = Release|Any CPU
		{73D90DF8-601A-43A6-B2A2-E4ED06BF0C71}.Release|iPhoneSimulator.ActiveCfg = Release|Any CPU
		{73D90DF8-601A-43A6-B2A2-E4ED06BF0C71}.Release|iPhoneSimulator.Build.0 = Release|Any CPU
		{73D90DF8-601A-43A6-B2A2-E4ED06BF0C71}.Release|iPhoneSimulator.Deploy.0 = Release|Any CPU
		{73D90DF8-601A-43A6-B2A2-E4ED06BF0C71}.Release|x64.ActiveCfg = Release|Any CPU
		{73D90DF8-601A-43A6-B2A2-E4ED06BF0C71}.Release|x64.Build.0 = Release|Any CPU
		{73D90DF8-601A-43A6-B2A2-E4ED06BF0C71}.Release|x64.Deploy.0 = Release|Any CPU
		{73D90DF8-601A-43A6-B2A2-E4ED06BF0C71}.Release|x86.ActiveCfg = Release|Any CPU
		{73D90DF8-601A-43A6-B2A2-E4ED06BF0C71}.Release|x86.Build.0 = Release|Any CPU
		{73D90DF8-601A-43A6-B2A2-E4ED06BF0C71}.Release|x86.Deploy.0 = Release|Any CPU
		{A6062187-528B-486C-8DF9-B5AAAC64F724}.Ad-Hoc|Any CPU.ActiveCfg = Ad-Hoc|iPhone
		{A6062187-528B-486C-8DF9-B5AAAC64F724}.Ad-Hoc|ARM.ActiveCfg = Ad-Hoc|iPhone
		{A6062187-528B-486C-8DF9-B5AAAC64F724}.Ad-Hoc|iPhone.ActiveCfg = Ad-Hoc|iPhone
		{A6062187-528B-486C-8DF9-B5AAAC64F724}.Ad-Hoc|iPhone.Build.0 = Ad-Hoc|iPhone
		{A6062187-528B-486C-8DF9-B5AAAC64F724}.Ad-Hoc|iPhoneSimulator.ActiveCfg = Ad-Hoc|iPhoneSimulator
		{A6062187-528B-486C-8DF9-B5AAAC64F724}.Ad-Hoc|iPhoneSimulator.Build.0 = Ad-Hoc|iPhoneSimulator
		{A6062187-528B-486C-8DF9-B5AAAC64F724}.Ad-Hoc|x64.ActiveCfg = Ad-Hoc|iPhone
		{A6062187-528B-486C-8DF9-B5AAAC64F724}.Ad-Hoc|x86.ActiveCfg = Ad-Hoc|iPhone
		{A6062187-528B-486C-8DF9-B5AAAC64F724}.AppStore|Any CPU.ActiveCfg = AppStore|iPhone
		{A6062187-528B-486C-8DF9-B5AAAC64F724}.AppStore|ARM.ActiveCfg = AppStore|iPhone
		{A6062187-528B-486C-8DF9-B5AAAC64F724}.AppStore|iPhone.ActiveCfg = AppStore|iPhone
		{A6062187-528B-486C-8DF9-B5AAAC64F724}.AppStore|iPhone.Build.0 = AppStore|iPhone
		{A6062187-528B-486C-8DF9-B5AAAC64F724}.AppStore|iPhoneSimulator.ActiveCfg = AppStore|iPhoneSimulator
		{A6062187-528B-486C-8DF9-B5AAAC64F724}.AppStore|iPhoneSimulator.Build.0 = AppStore|iPhoneSimulator
		{A6062187-528B-486C-8DF9-B5AAAC64F724}.AppStore|x64.ActiveCfg = AppStore|iPhone
		{A6062187-528B-486C-8DF9-B5AAAC64F724}.AppStore|x86.ActiveCfg = AppStore|iPhone
		{A6062187-528B-486C-8DF9-B5AAAC64F724}.Debug|Any CPU.ActiveCfg = Debug|iPhone
		{A6062187-528B-486C-8DF9-B5AAAC64F724}.Debug|ARM.ActiveCfg = Debug|iPhone
		{A6062187-528B-486C-8DF9-B5AAAC64F724}.Debug|iPhone.ActiveCfg = Debug|iPhone
		{A6062187-528B-486C-8DF9-B5AAAC64F724}.Debug|iPhone.Build.0 = Debug|iPhone
		{A6062187-528B-486C-8DF9-B5AAAC64F724}.Debug|iPhone.Deploy.0 = Debug|iPhone
		{A6062187-528B-486C-8DF9-B5AAAC64F724}.Debug|iPhoneSimulator.ActiveCfg = Debug|iPhoneSimulator
		{A6062187-528B-486C-8DF9-B5AAAC64F724}.Debug|iPhoneSimulator.Build.0 = Debug|iPhoneSimulator
		{A6062187-528B-486C-8DF9-B5AAAC64F724}.Debug|x64.ActiveCfg = Debug|iPhone
		{A6062187-528B-486C-8DF9-B5AAAC64F724}.Debug|x86.ActiveCfg = Debug|iPhone
		{A6062187-528B-486C-8DF9-B5AAAC64F724}.Release_Android|Any CPU.ActiveCfg = Release|iPhoneSimulator
		{A6062187-528B-486C-8DF9-B5AAAC64F724}.Release_Android|ARM.ActiveCfg = Release|iPhoneSimulator
		{A6062187-528B-486C-8DF9-B5AAAC64F724}.Release_Android|ARM.Build.0 = Release|iPhoneSimulator
		{A6062187-528B-486C-8DF9-B5AAAC64F724}.Release_Android|iPhone.ActiveCfg = Release|iPhone
		{A6062187-528B-486C-8DF9-B5AAAC64F724}.Release_Android|iPhone.Build.0 = Release|iPhone
		{A6062187-528B-486C-8DF9-B5AAAC64F724}.Release_Android|iPhoneSimulator.ActiveCfg = Release|iPhoneSimulator
		{A6062187-528B-486C-8DF9-B5AAAC64F724}.Release_Android|iPhoneSimulator.Build.0 = Release|iPhoneSimulator
		{A6062187-528B-486C-8DF9-B5AAAC64F724}.Release_Android|x64.ActiveCfg = Release|iPhoneSimulator
		{A6062187-528B-486C-8DF9-B5AAAC64F724}.Release_Android|x64.Build.0 = Release|iPhoneSimulator
		{A6062187-528B-486C-8DF9-B5AAAC64F724}.Release_Android|x86.ActiveCfg = Release|iPhoneSimulator
		{A6062187-528B-486C-8DF9-B5AAAC64F724}.Release_Android|x86.Build.0 = Release|iPhoneSimulator
		{A6062187-528B-486C-8DF9-B5AAAC64F724}.Release_iOS|Any CPU.ActiveCfg = Release|iPhone
		{A6062187-528B-486C-8DF9-B5AAAC64F724}.Release_iOS|Any CPU.Build.0 = Release|iPhone
		{A6062187-528B-486C-8DF9-B5AAAC64F724}.Release_iOS|ARM.ActiveCfg = Release|iPhoneSimulator
		{A6062187-528B-486C-8DF9-B5AAAC64F724}.Release_iOS|ARM.Build.0 = Release|iPhoneSimulator
		{A6062187-528B-486C-8DF9-B5AAAC64F724}.Release_iOS|iPhone.ActiveCfg = Release|iPhone
		{A6062187-528B-486C-8DF9-B5AAAC64F724}.Release_iOS|iPhone.Build.0 = Release|iPhone
		{A6062187-528B-486C-8DF9-B5AAAC64F724}.Release_iOS|iPhoneSimulator.ActiveCfg = Release|iPhoneSimulator
		{A6062187-528B-486C-8DF9-B5AAAC64F724}.Release_iOS|iPhoneSimulator.Build.0 = Release|iPhoneSimulator
		{A6062187-528B-486C-8DF9-B5AAAC64F724}.Release_iOS|x64.ActiveCfg = Release|iPhoneSimulator
		{A6062187-528B-486C-8DF9-B5AAAC64F724}.Release_iOS|x64.Build.0 = Release|iPhoneSimulator
		{A6062187-528B-486C-8DF9-B5AAAC64F724}.Release_iOS|x86.ActiveCfg = Release|iPhoneSimulator
		{A6062187-528B-486C-8DF9-B5AAAC64F724}.Release_iOS|x86.Build.0 = Release|iPhoneSimulator
		{A6062187-528B-486C-8DF9-B5AAAC64F724}.Release_UWP|Any CPU.ActiveCfg = Release|iPhoneSimulator
		{A6062187-528B-486C-8DF9-B5AAAC64F724}.Release_UWP|Any CPU.Build.0 = Release|iPhoneSimulator
		{A6062187-528B-486C-8DF9-B5AAAC64F724}.Release_UWP|ARM.ActiveCfg = Release|iPhoneSimulator
		{A6062187-528B-486C-8DF9-B5AAAC64F724}.Release_UWP|ARM.Build.0 = Release|iPhoneSimulator
		{A6062187-528B-486C-8DF9-B5AAAC64F724}.Release_UWP|iPhone.ActiveCfg = Release|iPhone
		{A6062187-528B-486C-8DF9-B5AAAC64F724}.Release_UWP|iPhone.Build.0 = Release|iPhone
		{A6062187-528B-486C-8DF9-B5AAAC64F724}.Release_UWP|iPhoneSimulator.ActiveCfg = Release|iPhoneSimulator
		{A6062187-528B-486C-8DF9-B5AAAC64F724}.Release_UWP|iPhoneSimulator.Build.0 = Release|iPhoneSimulator
		{A6062187-528B-486C-8DF9-B5AAAC64F724}.Release_UWP|x64.ActiveCfg = Release|iPhoneSimulator
		{A6062187-528B-486C-8DF9-B5AAAC64F724}.Release_UWP|x86.ActiveCfg = Release|iPhoneSimulator
		{A6062187-528B-486C-8DF9-B5AAAC64F724}.Release_UWP|x86.Build.0 = Release|iPhoneSimulator
		{A6062187-528B-486C-8DF9-B5AAAC64F724}.Release|Any CPU.ActiveCfg = Release|iPhone
		{A6062187-528B-486C-8DF9-B5AAAC64F724}.Release|ARM.ActiveCfg = Release|iPhone
		{A6062187-528B-486C-8DF9-B5AAAC64F724}.Release|iPhone.ActiveCfg = Release|iPhone
		{A6062187-528B-486C-8DF9-B5AAAC64F724}.Release|iPhone.Build.0 = Release|iPhone
		{A6062187-528B-486C-8DF9-B5AAAC64F724}.Release|iPhoneSimulator.ActiveCfg = Release|iPhoneSimulator
		{A6062187-528B-486C-8DF9-B5AAAC64F724}.Release|iPhoneSimulator.Build.0 = Release|iPhoneSimulator
		{A6062187-528B-486C-8DF9-B5AAAC64F724}.Release|x64.ActiveCfg = Release|iPhone
		{A6062187-528B-486C-8DF9-B5AAAC64F724}.Release|x86.ActiveCfg = Release|iPhone
		{EEE26B2D-730E-4108-91B6-3394291A4111}.Ad-Hoc|Any CPU.ActiveCfg = Release|x64
		{EEE26B2D-730E-4108-91B6-3394291A4111}.Ad-Hoc|Any CPU.Build.0 = Release|x64
		{EEE26B2D-730E-4108-91B6-3394291A4111}.Ad-Hoc|Any CPU.Deploy.0 = Release|x64
		{EEE26B2D-730E-4108-91B6-3394291A4111}.Ad-Hoc|ARM.ActiveCfg = Release|ARM
		{EEE26B2D-730E-4108-91B6-3394291A4111}.Ad-Hoc|ARM.Build.0 = Release|ARM
		{EEE26B2D-730E-4108-91B6-3394291A4111}.Ad-Hoc|ARM.Deploy.0 = Release|ARM
		{EEE26B2D-730E-4108-91B6-3394291A4111}.Ad-Hoc|iPhone.ActiveCfg = Release|x64
		{EEE26B2D-730E-4108-91B6-3394291A4111}.Ad-Hoc|iPhone.Build.0 = Release|x64
		{EEE26B2D-730E-4108-91B6-3394291A4111}.Ad-Hoc|iPhone.Deploy.0 = Release|x64
		{EEE26B2D-730E-4108-91B6-3394291A4111}.Ad-Hoc|iPhoneSimulator.ActiveCfg = Release|x64
		{EEE26B2D-730E-4108-91B6-3394291A4111}.Ad-Hoc|iPhoneSimulator.Build.0 = Release|x64
		{EEE26B2D-730E-4108-91B6-3394291A4111}.Ad-Hoc|iPhoneSimulator.Deploy.0 = Release|x64
		{EEE26B2D-730E-4108-91B6-3394291A4111}.Ad-Hoc|x64.ActiveCfg = Release|x64
		{EEE26B2D-730E-4108-91B6-3394291A4111}.Ad-Hoc|x64.Build.0 = Release|x64
		{EEE26B2D-730E-4108-91B6-3394291A4111}.Ad-Hoc|x64.Deploy.0 = Release|x64
		{EEE26B2D-730E-4108-91B6-3394291A4111}.Ad-Hoc|x86.ActiveCfg = Release|x86
		{EEE26B2D-730E-4108-91B6-3394291A4111}.Ad-Hoc|x86.Build.0 = Release|x86
		{EEE26B2D-730E-4108-91B6-3394291A4111}.Ad-Hoc|x86.Deploy.0 = Release|x86
		{EEE26B2D-730E-4108-91B6-3394291A4111}.AppStore|Any CPU.ActiveCfg = Release|x64
		{EEE26B2D-730E-4108-91B6-3394291A4111}.AppStore|Any CPU.Build.0 = Release|x64
		{EEE26B2D-730E-4108-91B6-3394291A4111}.AppStore|Any CPU.Deploy.0 = Release|x64
		{EEE26B2D-730E-4108-91B6-3394291A4111}.AppStore|ARM.ActiveCfg = Release|ARM
		{EEE26B2D-730E-4108-91B6-3394291A4111}.AppStore|ARM.Build.0 = Release|ARM
		{EEE26B2D-730E-4108-91B6-3394291A4111}.AppStore|ARM.Deploy.0 = Release|ARM
		{EEE26B2D-730E-4108-91B6-3394291A4111}.AppStore|iPhone.ActiveCfg = Release|x64
		{EEE26B2D-730E-4108-91B6-3394291A4111}.AppStore|iPhone.Build.0 = Release|x64
		{EEE26B2D-730E-4108-91B6-3394291A4111}.AppStore|iPhone.Deploy.0 = Release|x64
		{EEE26B2D-730E-4108-91B6-3394291A4111}.AppStore|iPhoneSimulator.ActiveCfg = Release|x64
		{EEE26B2D-730E-4108-91B6-3394291A4111}.AppStore|iPhoneSimulator.Build.0 = Release|x64
		{EEE26B2D-730E-4108-91B6-3394291A4111}.AppStore|iPhoneSimulator.Deploy.0 = Release|x64
		{EEE26B2D-730E-4108-91B6-3394291A4111}.AppStore|x64.ActiveCfg = Release|x64
		{EEE26B2D-730E-4108-91B6-3394291A4111}.AppStore|x64.Build.0 = Release|x64
		{EEE26B2D-730E-4108-91B6-3394291A4111}.AppStore|x64.Deploy.0 = Release|x64
		{EEE26B2D-730E-4108-91B6-3394291A4111}.AppStore|x86.ActiveCfg = Release|x86
		{EEE26B2D-730E-4108-91B6-3394291A4111}.AppStore|x86.Build.0 = Release|x86
		{EEE26B2D-730E-4108-91B6-3394291A4111}.AppStore|x86.Deploy.0 = Release|x86
		{EEE26B2D-730E-4108-91B6-3394291A4111}.Debug|Any CPU.ActiveCfg = Debug|x86
		{EEE26B2D-730E-4108-91B6-3394291A4111}.Debug|ARM.ActiveCfg = Debug|ARM
		{EEE26B2D-730E-4108-91B6-3394291A4111}.Debug|ARM.Build.0 = Debug|ARM
		{EEE26B2D-730E-4108-91B6-3394291A4111}.Debug|ARM.Deploy.0 = Debug|ARM
		{EEE26B2D-730E-4108-91B6-3394291A4111}.Debug|iPhone.ActiveCfg = Debug|x86
		{EEE26B2D-730E-4108-91B6-3394291A4111}.Debug|iPhoneSimulator.ActiveCfg = Debug|x86
		{EEE26B2D-730E-4108-91B6-3394291A4111}.Debug|x64.ActiveCfg = Debug|x64
		{EEE26B2D-730E-4108-91B6-3394291A4111}.Debug|x64.Build.0 = Debug|x64
		{EEE26B2D-730E-4108-91B6-3394291A4111}.Debug|x64.Deploy.0 = Debug|x64
		{EEE26B2D-730E-4108-91B6-3394291A4111}.Debug|x86.ActiveCfg = Debug|x86
		{EEE26B2D-730E-4108-91B6-3394291A4111}.Debug|x86.Build.0 = Debug|x86
		{EEE26B2D-730E-4108-91B6-3394291A4111}.Debug|x86.Deploy.0 = Debug|x86
		{EEE26B2D-730E-4108-91B6-3394291A4111}.Release_Android|Any CPU.ActiveCfg = Release|x64
		{EEE26B2D-730E-4108-91B6-3394291A4111}.Release_Android|ARM.ActiveCfg = Release|ARM
		{EEE26B2D-730E-4108-91B6-3394291A4111}.Release_Android|ARM.Build.0 = Release|ARM
		{EEE26B2D-730E-4108-91B6-3394291A4111}.Release_Android|ARM.Deploy.0 = Release|ARM
		{EEE26B2D-730E-4108-91B6-3394291A4111}.Release_Android|iPhone.ActiveCfg = Debug|x64
		{EEE26B2D-730E-4108-91B6-3394291A4111}.Release_Android|iPhone.Build.0 = Debug|x64
		{EEE26B2D-730E-4108-91B6-3394291A4111}.Release_Android|iPhone.Deploy.0 = Debug|x64
		{EEE26B2D-730E-4108-91B6-3394291A4111}.Release_Android|iPhoneSimulator.ActiveCfg = Debug|x64
		{EEE26B2D-730E-4108-91B6-3394291A4111}.Release_Android|iPhoneSimulator.Build.0 = Debug|x64
		{EEE26B2D-730E-4108-91B6-3394291A4111}.Release_Android|iPhoneSimulator.Deploy.0 = Debug|x64
		{EEE26B2D-730E-4108-91B6-3394291A4111}.Release_Android|x64.ActiveCfg = Release|x64
		{EEE26B2D-730E-4108-91B6-3394291A4111}.Release_Android|x64.Build.0 = Release|x64
		{EEE26B2D-730E-4108-91B6-3394291A4111}.Release_Android|x64.Deploy.0 = Release|x64
		{EEE26B2D-730E-4108-91B6-3394291A4111}.Release_Android|x86.ActiveCfg = Release|x86
		{EEE26B2D-730E-4108-91B6-3394291A4111}.Release_Android|x86.Build.0 = Release|x86
		{EEE26B2D-730E-4108-91B6-3394291A4111}.Release_Android|x86.Deploy.0 = Release|x86
		{EEE26B2D-730E-4108-91B6-3394291A4111}.Release_iOS|Any CPU.ActiveCfg = Release|x64
		{EEE26B2D-730E-4108-91B6-3394291A4111}.Release_iOS|ARM.ActiveCfg = Release|ARM
		{EEE26B2D-730E-4108-91B6-3394291A4111}.Release_iOS|ARM.Build.0 = Release|ARM
		{EEE26B2D-730E-4108-91B6-3394291A4111}.Release_iOS|ARM.Deploy.0 = Release|ARM
		{EEE26B2D-730E-4108-91B6-3394291A4111}.Release_iOS|iPhone.ActiveCfg = Debug|x64
		{EEE26B2D-730E-4108-91B6-3394291A4111}.Release_iOS|iPhone.Build.0 = Debug|x64
		{EEE26B2D-730E-4108-91B6-3394291A4111}.Release_iOS|iPhone.Deploy.0 = Debug|x64
		{EEE26B2D-730E-4108-91B6-3394291A4111}.Release_iOS|iPhoneSimulator.ActiveCfg = Debug|x64
		{EEE26B2D-730E-4108-91B6-3394291A4111}.Release_iOS|iPhoneSimulator.Build.0 = Debug|x64
		{EEE26B2D-730E-4108-91B6-3394291A4111}.Release_iOS|iPhoneSimulator.Deploy.0 = Debug|x64
		{EEE26B2D-730E-4108-91B6-3394291A4111}.Release_iOS|x64.ActiveCfg = Release|x64
		{EEE26B2D-730E-4108-91B6-3394291A4111}.Release_iOS|x64.Build.0 = Release|x64
		{EEE26B2D-730E-4108-91B6-3394291A4111}.Release_iOS|x64.Deploy.0 = Release|x64
		{EEE26B2D-730E-4108-91B6-3394291A4111}.Release_iOS|x86.ActiveCfg = Release|x86
		{EEE26B2D-730E-4108-91B6-3394291A4111}.Release_iOS|x86.Build.0 = Release|x86
		{EEE26B2D-730E-4108-91B6-3394291A4111}.Release_iOS|x86.Deploy.0 = Release|x86
		{EEE26B2D-730E-4108-91B6-3394291A4111}.Release_UWP|Any CPU.ActiveCfg = Debug|x64
		{EEE26B2D-730E-4108-91B6-3394291A4111}.Release_UWP|Any CPU.Build.0 = Debug|x64
		{EEE26B2D-730E-4108-91B6-3394291A4111}.Release_UWP|Any CPU.Deploy.0 = Debug|x64
		{EEE26B2D-730E-4108-91B6-3394291A4111}.Release_UWP|ARM.ActiveCfg = Release|ARM
		{EEE26B2D-730E-4108-91B6-3394291A4111}.Release_UWP|ARM.Build.0 = Release|ARM
		{EEE26B2D-730E-4108-91B6-3394291A4111}.Release_UWP|ARM.Deploy.0 = Release|ARM
		{EEE26B2D-730E-4108-91B6-3394291A4111}.Release_UWP|iPhone.ActiveCfg = Debug|x64
		{EEE26B2D-730E-4108-91B6-3394291A4111}.Release_UWP|iPhone.Build.0 = Debug|x64
		{EEE26B2D-730E-4108-91B6-3394291A4111}.Release_UWP|iPhone.Deploy.0 = Debug|x64
		{EEE26B2D-730E-4108-91B6-3394291A4111}.Release_UWP|iPhoneSimulator.ActiveCfg = Debug|x64
		{EEE26B2D-730E-4108-91B6-3394291A4111}.Release_UWP|iPhoneSimulator.Build.0 = Debug|x64
		{EEE26B2D-730E-4108-91B6-3394291A4111}.Release_UWP|iPhoneSimulator.Deploy.0 = Debug|x64
		{EEE26B2D-730E-4108-91B6-3394291A4111}.Release_UWP|x64.ActiveCfg = Release|x64
		{EEE26B2D-730E-4108-91B6-3394291A4111}.Release_UWP|x64.Build.0 = Release|x64
		{EEE26B2D-730E-4108-91B6-3394291A4111}.Release_UWP|x64.Deploy.0 = Release|x64
		{EEE26B2D-730E-4108-91B6-3394291A4111}.Release_UWP|x86.ActiveCfg = Release|x86
		{EEE26B2D-730E-4108-91B6-3394291A4111}.Release_UWP|x86.Build.0 = Release|x86
		{EEE26B2D-730E-4108-91B6-3394291A4111}.Release_UWP|x86.Deploy.0 = Release|x86
		{EEE26B2D-730E-4108-91B6-3394291A4111}.Release|Any CPU.ActiveCfg = Release|x86
		{EEE26B2D-730E-4108-91B6-3394291A4111}.Release|ARM.ActiveCfg = Release|ARM
		{EEE26B2D-730E-4108-91B6-3394291A4111}.Release|ARM.Build.0 = Release|ARM
		{EEE26B2D-730E-4108-91B6-3394291A4111}.Release|ARM.Deploy.0 = Release|ARM
		{EEE26B2D-730E-4108-91B6-3394291A4111}.Release|iPhone.ActiveCfg = Release|x86
		{EEE26B2D-730E-4108-91B6-3394291A4111}.Release|iPhoneSimulator.ActiveCfg = Release|x86
		{EEE26B2D-730E-4108-91B6-3394291A4111}.Release|x64.ActiveCfg = Release|x64
		{EEE26B2D-730E-4108-91B6-3394291A4111}.Release|x64.Build.0 = Release|x64
		{EEE26B2D-730E-4108-91B6-3394291A4111}.Release|x64.Deploy.0 = Release|x64
		{EEE26B2D-730E-4108-91B6-3394291A4111}.Release|x86.ActiveCfg = Release|x86
		{EEE26B2D-730E-4108-91B6-3394291A4111}.Release|x86.Build.0 = Release|x86
		{EEE26B2D-730E-4108-91B6-3394291A4111}.Release|x86.Deploy.0 = Release|x86
	EndGlobalSection
	GlobalSection(SolutionProperties) = preSolution
		HideSolutionNode = FALSE
	EndGlobalSection
	GlobalSection(ExtensibilityGlobals) = postSolution
		SolutionGuid = {CC0D7527-9295-4CAC-8769-4763D416ADAA}
	EndGlobalSection
EndGlobal
