Microsoft Visual Studio Solution File, Format Version 12.00
# Visual Studio Version 16
VisualStudioVersion = 16.0.29920.165
MinimumVisualStudioVersion = 15.0.26124.0
Project("{D954291E-2A0B-460D-934E-DC6B0785DB48}") = "Ch9.Shared", "Ch9\Ch9.Shared\Ch9.Shared.shproj", "{6279C845-92F8-4333-AB99-3D213163593C}"
EndProject
Project("{FAE04EC0-301F-11D3-BF4B-00C04F79EFBC}") = "Ch9.iOS", "Ch9\Ch9.iOS\Ch9.iOS.csproj", "{A6062187-528B-486C-8DF9-B5AAAC64F724}"
EndProject
Project("{9A19103F-16F7-4668-BE54-9A1E7A4F7556}") = "Ch9.Wasm", "Ch9\Ch9.Wasm\Ch9.Wasm.csproj", "{40EA03F7-8A22-4143-B251-79BAC3EB13D2}"
EndProject
Project("{FAE04EC0-301F-11D3-BF4B-00C04F79EFBC}") = "Ch9.Droid", "Ch9\Ch9.Droid\Ch9.Droid.csproj", "{73D90DF8-601A-43A6-B2A2-E4ED06BF0C71}"
EndProject
Project("{FAE04EC0-301F-11D3-BF4B-00C04F79EFBC}") = "Ch9.Uwp", "Ch9\Ch9.UWP\Ch9.Uwp.csproj", "{EEE26B2D-730E-4108-91B6-3394291A4111}"
EndProject
Project("{FAE04EC0-301F-11D3-BF4B-00C04F79EFBC}") = "Ch9.macOS", "Ch9\Ch9.macOS\Ch9.macOS.csproj", "{313FCF91-A6DB-4585-A23E-49BBEEF4784D}"
EndProject
Global
	GlobalSection(SharedMSBuildProjectFiles) = preSolution
		Ch9\Ch9.Shared\Ch9.Shared.projitems*{313fcf91-a6db-4585-a23e-49bbeef4784d}*SharedItemsImports = 4
		Ch9\Ch9.Shared\Ch9.Shared.projitems*{40ea03f7-8a22-4143-b251-79bac3eb13d2}*SharedItemsImports = 5
		Ch9\Ch9.Shared\Ch9.Shared.projitems*{6279c845-92f8-4333-ab99-3d213163593c}*SharedItemsImports = 13
		Ch9\Ch9.Shared\Ch9.Shared.projitems*{73d90df8-601a-43a6-b2a2-e4ed06bf0c71}*SharedItemsImports = 4
		Ch9\Ch9.Shared\Ch9.Shared.projitems*{a6062187-528b-486c-8df9-b5aaac64f724}*SharedItemsImports = 4
		Ch9\Ch9.Shared\Ch9.Shared.projitems*{eee26b2d-730e-4108-91b6-3394291a4111}*SharedItemsImports = 4
	EndGlobalSection
	GlobalSection(SolutionConfigurationPlatforms) = preSolution
		Debug|Any CPU = Debug|Any CPU
		Debug|ARM = Debug|ARM
		Debug|ARM64 = Debug|ARM64
		Debug|iPhone = Debug|iPhone
		Debug|iPhoneSimulator = Debug|iPhoneSimulator
		Debug|x64 = Debug|x64
		Debug|x86 = Debug|x86
		Release|Any CPU = Release|Any CPU
		Release|ARM = Release|ARM
		Release|ARM64 = Release|ARM64
		Release|iPhone = Release|iPhone
		Release|iPhoneSimulator = Release|iPhoneSimulator
		Release|x64 = Release|x64
		Release|x86 = Release|x86
	EndGlobalSection
	GlobalSection(ProjectConfigurationPlatforms) = postSolution
		{A6062187-528B-486C-8DF9-B5AAAC64F724}.Debug|Any CPU.ActiveCfg = Debug|iPhone
		{A6062187-528B-486C-8DF9-B5AAAC64F724}.Debug|Any CPU.Build.0 = Debug|iPhone
		{A6062187-528B-486C-8DF9-B5AAAC64F724}.Debug|Any CPU.Deploy.0 = Debug|iPhone
		{A6062187-528B-486C-8DF9-B5AAAC64F724}.Debug|ARM.ActiveCfg = Debug|iPhone
		{A6062187-528B-486C-8DF9-B5AAAC64F724}.Debug|ARM64.ActiveCfg = Debug|iPhone
		{A6062187-528B-486C-8DF9-B5AAAC64F724}.Debug|iPhone.ActiveCfg = Debug|iPhone
		{A6062187-528B-486C-8DF9-B5AAAC64F724}.Debug|iPhone.Build.0 = Debug|iPhone
		{A6062187-528B-486C-8DF9-B5AAAC64F724}.Debug|iPhoneSimulator.ActiveCfg = Debug|iPhoneSimulator
		{A6062187-528B-486C-8DF9-B5AAAC64F724}.Debug|iPhoneSimulator.Build.0 = Debug|iPhoneSimulator
		{A6062187-528B-486C-8DF9-B5AAAC64F724}.Debug|x64.ActiveCfg = Debug|iPhone
		{A6062187-528B-486C-8DF9-B5AAAC64F724}.Debug|x64.Build.0 = Debug|iPhone
		{A6062187-528B-486C-8DF9-B5AAAC64F724}.Debug|x64.Deploy.0 = Debug|iPhone
		{A6062187-528B-486C-8DF9-B5AAAC64F724}.Debug|x86.ActiveCfg = Debug|iPhoneSimulator
		{A6062187-528B-486C-8DF9-B5AAAC64F724}.Debug|x86.Build.0 = Debug|iPhoneSimulator
		{A6062187-528B-486C-8DF9-B5AAAC64F724}.Debug|x86.Deploy.0 = Debug|iPhoneSimulator
		{A6062187-528B-486C-8DF9-B5AAAC64F724}.Release|Any CPU.ActiveCfg = Release|iPhone
		{A6062187-528B-486C-8DF9-B5AAAC64F724}.Release|ARM.ActiveCfg = Release|iPhone
		{A6062187-528B-486C-8DF9-B5AAAC64F724}.Release|ARM64.ActiveCfg = Release|iPhone
		{A6062187-528B-486C-8DF9-B5AAAC64F724}.Release|iPhone.ActiveCfg = Release|iPhone
		{A6062187-528B-486C-8DF9-B5AAAC64F724}.Release|iPhone.Build.0 = Release|iPhone
		{A6062187-528B-486C-8DF9-B5AAAC64F724}.Release|iPhoneSimulator.ActiveCfg = Release|iPhoneSimulator
		{A6062187-528B-486C-8DF9-B5AAAC64F724}.Release|iPhoneSimulator.Build.0 = Release|iPhoneSimulator
		{A6062187-528B-486C-8DF9-B5AAAC64F724}.Release|x64.ActiveCfg = Release|iPhoneSimulator
		{A6062187-528B-486C-8DF9-B5AAAC64F724}.Release|x64.Build.0 = Release|iPhoneSimulator
		{A6062187-528B-486C-8DF9-B5AAAC64F724}.Release|x64.Deploy.0 = Release|iPhoneSimulator
		{A6062187-528B-486C-8DF9-B5AAAC64F724}.Release|x86.ActiveCfg = Release|iPhoneSimulator
		{A6062187-528B-486C-8DF9-B5AAAC64F724}.Release|x86.Build.0 = Release|iPhoneSimulator
		{40EA03F7-8A22-4143-B251-79BAC3EB13D2}.Debug|Any CPU.ActiveCfg = Debug|Any CPU
		{40EA03F7-8A22-4143-B251-79BAC3EB13D2}.Debug|Any CPU.Build.0 = Debug|Any CPU
		{40EA03F7-8A22-4143-B251-79BAC3EB13D2}.Debug|ARM.ActiveCfg = Debug|Any CPU
		{40EA03F7-8A22-4143-B251-79BAC3EB13D2}.Debug|ARM.Build.0 = Debug|Any CPU
		{40EA03F7-8A22-4143-B251-79BAC3EB13D2}.Debug|ARM64.ActiveCfg = Debug|Any CPU
		{40EA03F7-8A22-4143-B251-79BAC3EB13D2}.Debug|ARM64.Build.0 = Debug|Any CPU
		{40EA03F7-8A22-4143-B251-79BAC3EB13D2}.Debug|iPhone.ActiveCfg = Debug|Any CPU
		{40EA03F7-8A22-4143-B251-79BAC3EB13D2}.Debug|iPhone.Build.0 = Debug|Any CPU
		{40EA03F7-8A22-4143-B251-79BAC3EB13D2}.Debug|iPhoneSimulator.ActiveCfg = Debug|Any CPU
		{40EA03F7-8A22-4143-B251-79BAC3EB13D2}.Debug|iPhoneSimulator.Build.0 = Debug|Any CPU
		{40EA03F7-8A22-4143-B251-79BAC3EB13D2}.Debug|x64.ActiveCfg = Debug|Any CPU
		{40EA03F7-8A22-4143-B251-79BAC3EB13D2}.Debug|x64.Build.0 = Debug|Any CPU
		{40EA03F7-8A22-4143-B251-79BAC3EB13D2}.Debug|x86.ActiveCfg = Debug|Any CPU
		{40EA03F7-8A22-4143-B251-79BAC3EB13D2}.Debug|x86.Build.0 = Debug|Any CPU
		{40EA03F7-8A22-4143-B251-79BAC3EB13D2}.Release|Any CPU.ActiveCfg = Release|Any CPU
		{40EA03F7-8A22-4143-B251-79BAC3EB13D2}.Release|Any CPU.Build.0 = Release|Any CPU
		{40EA03F7-8A22-4143-B251-79BAC3EB13D2}.Release|ARM.ActiveCfg = Release|Any CPU
		{40EA03F7-8A22-4143-B251-79BAC3EB13D2}.Release|ARM.Build.0 = Release|Any CPU
		{40EA03F7-8A22-4143-B251-79BAC3EB13D2}.Release|ARM64.ActiveCfg = Release|Any CPU
		{40EA03F7-8A22-4143-B251-79BAC3EB13D2}.Release|ARM64.Build.0 = Release|Any CPU
		{40EA03F7-8A22-4143-B251-79BAC3EB13D2}.Release|iPhone.ActiveCfg = Release|Any CPU
		{40EA03F7-8A22-4143-B251-79BAC3EB13D2}.Release|iPhone.Build.0 = Release|Any CPU
		{40EA03F7-8A22-4143-B251-79BAC3EB13D2}.Release|iPhoneSimulator.ActiveCfg = Release|Any CPU
		{40EA03F7-8A22-4143-B251-79BAC3EB13D2}.Release|iPhoneSimulator.Build.0 = Release|Any CPU
		{40EA03F7-8A22-4143-B251-79BAC3EB13D2}.Release|x64.ActiveCfg = Release|Any CPU
		{40EA03F7-8A22-4143-B251-79BAC3EB13D2}.Release|x64.Build.0 = Release|Any CPU
		{40EA03F7-8A22-4143-B251-79BAC3EB13D2}.Release|x86.ActiveCfg = Release|Any CPU
		{40EA03F7-8A22-4143-B251-79BAC3EB13D2}.Release|x86.Build.0 = Release|Any CPU
		{73D90DF8-601A-43A6-B2A2-E4ED06BF0C71}.Debug|Any CPU.ActiveCfg = Debug|Any CPU
		{73D90DF8-601A-43A6-B2A2-E4ED06BF0C71}.Debug|Any CPU.Build.0 = Debug|Any CPU
		{73D90DF8-601A-43A6-B2A2-E4ED06BF0C71}.Debug|Any CPU.Deploy.0 = Debug|Any CPU
		{73D90DF8-601A-43A6-B2A2-E4ED06BF0C71}.Debug|ARM.ActiveCfg = Debug|Any CPU
		{73D90DF8-601A-43A6-B2A2-E4ED06BF0C71}.Debug|ARM.Build.0 = Debug|Any CPU
		{73D90DF8-601A-43A6-B2A2-E4ED06BF0C71}.Debug|ARM.Deploy.0 = Debug|Any CPU
		{73D90DF8-601A-43A6-B2A2-E4ED06BF0C71}.Debug|ARM64.ActiveCfg = Debug|Any CPU
		{73D90DF8-601A-43A6-B2A2-E4ED06BF0C71}.Debug|ARM64.Build.0 = Debug|Any CPU
		{73D90DF8-601A-43A6-B2A2-E4ED06BF0C71}.Debug|ARM64.Deploy.0 = Debug|Any CPU
		{73D90DF8-601A-43A6-B2A2-E4ED06BF0C71}.Debug|iPhone.ActiveCfg = Debug|Any CPU
		{73D90DF8-601A-43A6-B2A2-E4ED06BF0C71}.Debug|iPhone.Build.0 = Debug|Any CPU
		{73D90DF8-601A-43A6-B2A2-E4ED06BF0C71}.Debug|iPhone.Deploy.0 = Debug|Any CPU
		{73D90DF8-601A-43A6-B2A2-E4ED06BF0C71}.Debug|iPhoneSimulator.ActiveCfg = Debug|Any CPU
		{73D90DF8-601A-43A6-B2A2-E4ED06BF0C71}.Debug|iPhoneSimulator.Build.0 = Debug|Any CPU
		{73D90DF8-601A-43A6-B2A2-E4ED06BF0C71}.Debug|iPhoneSimulator.Deploy.0 = Debug|Any CPU
		{73D90DF8-601A-43A6-B2A2-E4ED06BF0C71}.Debug|x64.ActiveCfg = Debug|Any CPU
		{73D90DF8-601A-43A6-B2A2-E4ED06BF0C71}.Debug|x64.Build.0 = Debug|Any CPU
		{73D90DF8-601A-43A6-B2A2-E4ED06BF0C71}.Debug|x64.Deploy.0 = Debug|Any CPU
		{73D90DF8-601A-43A6-B2A2-E4ED06BF0C71}.Debug|x86.ActiveCfg = Debug|Any CPU
		{73D90DF8-601A-43A6-B2A2-E4ED06BF0C71}.Debug|x86.Build.0 = Debug|Any CPU
		{73D90DF8-601A-43A6-B2A2-E4ED06BF0C71}.Debug|x86.Deploy.0 = Debug|Any CPU
		{73D90DF8-601A-43A6-B2A2-E4ED06BF0C71}.Release|Any CPU.ActiveCfg = Release|Any CPU
		{73D90DF8-601A-43A6-B2A2-E4ED06BF0C71}.Release|Any CPU.Build.0 = Release|Any CPU
		{73D90DF8-601A-43A6-B2A2-E4ED06BF0C71}.Release|Any CPU.Deploy.0 = Release|Any CPU
		{73D90DF8-601A-43A6-B2A2-E4ED06BF0C71}.Release|ARM.ActiveCfg = Release|Any CPU
		{73D90DF8-601A-43A6-B2A2-E4ED06BF0C71}.Release|ARM.Build.0 = Release|Any CPU
		{73D90DF8-601A-43A6-B2A2-E4ED06BF0C71}.Release|ARM.Deploy.0 = Release|Any CPU
		{73D90DF8-601A-43A6-B2A2-E4ED06BF0C71}.Release|ARM64.ActiveCfg = Release|Any CPU
		{73D90DF8-601A-43A6-B2A2-E4ED06BF0C71}.Release|ARM64.Build.0 = Release|Any CPU
		{73D90DF8-601A-43A6-B2A2-E4ED06BF0C71}.Release|ARM64.Deploy.0 = Release|Any CPU
		{73D90DF8-601A-43A6-B2A2-E4ED06BF0C71}.Release|iPhone.ActiveCfg = Release|Any CPU
		{73D90DF8-601A-43A6-B2A2-E4ED06BF0C71}.Release|iPhone.Build.0 = Release|Any CPU
		{73D90DF8-601A-43A6-B2A2-E4ED06BF0C71}.Release|iPhone.Deploy.0 = Release|Any CPU
		{73D90DF8-601A-43A6-B2A2-E4ED06BF0C71}.Release|iPhoneSimulator.ActiveCfg = Release|Any CPU
		{73D90DF8-601A-43A6-B2A2-E4ED06BF0C71}.Release|iPhoneSimulator.Build.0 = Release|Any CPU
		{73D90DF8-601A-43A6-B2A2-E4ED06BF0C71}.Release|iPhoneSimulator.Deploy.0 = Release|Any CPU
		{73D90DF8-601A-43A6-B2A2-E4ED06BF0C71}.Release|x64.ActiveCfg = Release|Any CPU
		{73D90DF8-601A-43A6-B2A2-E4ED06BF0C71}.Release|x64.Build.0 = Release|Any CPU
		{73D90DF8-601A-43A6-B2A2-E4ED06BF0C71}.Release|x64.Deploy.0 = Release|Any CPU
		{73D90DF8-601A-43A6-B2A2-E4ED06BF0C71}.Release|x86.ActiveCfg = Release|Any CPU
		{73D90DF8-601A-43A6-B2A2-E4ED06BF0C71}.Release|x86.Build.0 = Release|Any CPU
		{73D90DF8-601A-43A6-B2A2-E4ED06BF0C71}.Release|x86.Deploy.0 = Release|Any CPU
		{EEE26B2D-730E-4108-91B6-3394291A4111}.Debug|Any CPU.ActiveCfg = Debug|x86
		{EEE26B2D-730E-4108-91B6-3394291A4111}.Debug|Any CPU.Build.0 = Debug|x86
		{EEE26B2D-730E-4108-91B6-3394291A4111}.Debug|Any CPU.Deploy.0 = Debug|x86
		{EEE26B2D-730E-4108-91B6-3394291A4111}.Debug|ARM.ActiveCfg = Debug|ARM
		{EEE26B2D-730E-4108-91B6-3394291A4111}.Debug|ARM.Build.0 = Debug|ARM
		{EEE26B2D-730E-4108-91B6-3394291A4111}.Debug|ARM.Deploy.0 = Debug|ARM
		{EEE26B2D-730E-4108-91B6-3394291A4111}.Debug|ARM64.ActiveCfg = Debug|x86
		{EEE26B2D-730E-4108-91B6-3394291A4111}.Debug|iPhone.ActiveCfg = Debug|x86
		{EEE26B2D-730E-4108-91B6-3394291A4111}.Debug|iPhone.Build.0 = Debug|x86
		{EEE26B2D-730E-4108-91B6-3394291A4111}.Debug|iPhone.Deploy.0 = Debug|x86
		{EEE26B2D-730E-4108-91B6-3394291A4111}.Debug|iPhoneSimulator.ActiveCfg = Debug|x86
		{EEE26B2D-730E-4108-91B6-3394291A4111}.Debug|iPhoneSimulator.Build.0 = Debug|x86
		{EEE26B2D-730E-4108-91B6-3394291A4111}.Debug|iPhoneSimulator.Deploy.0 = Debug|x86
		{EEE26B2D-730E-4108-91B6-3394291A4111}.Debug|x64.ActiveCfg = Debug|x64
		{EEE26B2D-730E-4108-91B6-3394291A4111}.Debug|x64.Build.0 = Debug|x64
		{EEE26B2D-730E-4108-91B6-3394291A4111}.Debug|x64.Deploy.0 = Debug|x64
		{EEE26B2D-730E-4108-91B6-3394291A4111}.Debug|x86.ActiveCfg = Debug|x86
		{EEE26B2D-730E-4108-91B6-3394291A4111}.Debug|x86.Build.0 = Debug|x86
		{EEE26B2D-730E-4108-91B6-3394291A4111}.Debug|x86.Deploy.0 = Debug|x86
		{EEE26B2D-730E-4108-91B6-3394291A4111}.Release|Any CPU.ActiveCfg = Release|x86
		{EEE26B2D-730E-4108-91B6-3394291A4111}.Release|ARM.ActiveCfg = Release|ARM
		{EEE26B2D-730E-4108-91B6-3394291A4111}.Release|ARM.Build.0 = Release|ARM
		{EEE26B2D-730E-4108-91B6-3394291A4111}.Release|ARM.Deploy.0 = Release|ARM
		{EEE26B2D-730E-4108-91B6-3394291A4111}.Release|ARM64.ActiveCfg = Release|x86
		{EEE26B2D-730E-4108-91B6-3394291A4111}.Release|iPhone.ActiveCfg = Release|x86
		{EEE26B2D-730E-4108-91B6-3394291A4111}.Release|iPhone.Build.0 = Release|x86
		{EEE26B2D-730E-4108-91B6-3394291A4111}.Release|iPhoneSimulator.ActiveCfg = Release|x86
		{EEE26B2D-730E-4108-91B6-3394291A4111}.Release|iPhoneSimulator.Build.0 = Release|x86
		{EEE26B2D-730E-4108-91B6-3394291A4111}.Release|iPhoneSimulator.Deploy.0 = Release|x86
		{EEE26B2D-730E-4108-91B6-3394291A4111}.Release|x64.ActiveCfg = Release|x64
		{EEE26B2D-730E-4108-91B6-3394291A4111}.Release|x64.Build.0 = Release|x64
		{EEE26B2D-730E-4108-91B6-3394291A4111}.Release|x64.Deploy.0 = Release|x64
		{EEE26B2D-730E-4108-91B6-3394291A4111}.Release|x86.ActiveCfg = Release|x86
		{EEE26B2D-730E-4108-91B6-3394291A4111}.Release|x86.Build.0 = Release|x86
		{EEE26B2D-730E-4108-91B6-3394291A4111}.Release|x86.Deploy.0 = Release|x86
		{313FCF91-A6DB-4585-A23E-49BBEEF4784D}.Debug|Any CPU.ActiveCfg = Debug|iPhoneSimulator
		{313FCF91-A6DB-4585-A23E-49BBEEF4784D}.Debug|Any CPU.Build.0 = Debug|iPhoneSimulator
		{313FCF91-A6DB-4585-A23E-49BBEEF4784D}.Debug|ARM.ActiveCfg = Debug|iPhoneSimulator
		{313FCF91-A6DB-4585-A23E-49BBEEF4784D}.Debug|ARM64.ActiveCfg = Debug|iPhoneSimulator
		{313FCF91-A6DB-4585-A23E-49BBEEF4784D}.Debug|iPhone.ActiveCfg = Debug|iPhoneSimulator
		{313FCF91-A6DB-4585-A23E-49BBEEF4784D}.Debug|iPhone.Build.0 = Debug|iPhoneSimulator
		{313FCF91-A6DB-4585-A23E-49BBEEF4784D}.Debug|iPhoneSimulator.ActiveCfg = Debug|iPhoneSimulator
		{313FCF91-A6DB-4585-A23E-49BBEEF4784D}.Debug|iPhoneSimulator.Build.0 = Debug|iPhoneSimulator
		{313FCF91-A6DB-4585-A23E-49BBEEF4784D}.Debug|x64.ActiveCfg = Debug|iPhoneSimulator
		{313FCF91-A6DB-4585-A23E-49BBEEF4784D}.Debug|x64.Build.0 = Debug|iPhoneSimulator
		{313FCF91-A6DB-4585-A23E-49BBEEF4784D}.Debug|x86.ActiveCfg = Debug|iPhoneSimulator
		{313FCF91-A6DB-4585-A23E-49BBEEF4784D}.Debug|x86.Build.0 = Debug|iPhoneSimulator
		{313FCF91-A6DB-4585-A23E-49BBEEF4784D}.Release|Any CPU.ActiveCfg = Release|iPhoneSimulator
		{313FCF91-A6DB-4585-A23E-49BBEEF4784D}.Release|ARM.ActiveCfg = Release|iPhoneSimulator
		{313FCF91-A6DB-4585-A23E-49BBEEF4784D}.Release|ARM64.ActiveCfg = Release|iPhoneSimulator
		{313FCF91-A6DB-4585-A23E-49BBEEF4784D}.Release|iPhone.ActiveCfg = Release|iPhoneSimulator
		{313FCF91-A6DB-4585-A23E-49BBEEF4784D}.Release|iPhone.Build.0 = Release|iPhoneSimulator
		{313FCF91-A6DB-4585-A23E-49BBEEF4784D}.Release|iPhoneSimulator.ActiveCfg = Release|iPhoneSimulator
		{313FCF91-A6DB-4585-A23E-49BBEEF4784D}.Release|iPhoneSimulator.Build.0 = Release|iPhoneSimulator
		{313FCF91-A6DB-4585-A23E-49BBEEF4784D}.Release|x64.ActiveCfg = Release|iPhoneSimulator
		{313FCF91-A6DB-4585-A23E-49BBEEF4784D}.Release|x64.Build.0 = Release|iPhoneSimulator
		{313FCF91-A6DB-4585-A23E-49BBEEF4784D}.Release|x86.ActiveCfg = Release|iPhoneSimulator
		{313FCF91-A6DB-4585-A23E-49BBEEF4784D}.Release|x86.Build.0 = Release|iPhoneSimulator
	EndGlobalSection
	GlobalSection(SolutionProperties) = preSolution
		HideSolutionNode = FALSE
	EndGlobalSection
	GlobalSection(ExtensibilityGlobals) = postSolution
		SolutionGuid = {C7433AE2-B1A0-4C1A-887E-5CAA7AAF67A6}
	EndGlobalSection
EndGlobal
